
Microsoft Visual Studio Solution File, Format Version 12.00
# Visual Studio 2015
Project("{FAE04EC0-301F-11D3-BF4B-00C04F79EFBC}") = "JamGame.unity.Plugins", "JamGame.unity.Plugins.csproj", "{C39B1E35-AB44-860E-B5C5-D0BEB752A5A8}"
EndProject
Project("{FAE04EC0-301F-11D3-BF4B-00C04F79EFBC}") = "JamGame.unity", "JamGame.unity.csproj", "{07068574-6791-A901-A7A8-848C587B3827}"
EndProject
Project("{FAE04EC0-301F-11D3-BF4B-00C04F79EFBC}") = "JamGame.unity.Editor", "JamGame.unity.Editor.csproj", "{55E7E122-F4B6-6602-95E7-6F69C4D9FAE9}"
EndProject
Global
	GlobalSection(SolutionConfigurationPlatforms) = preSolution
		Debug|Any CPU = Debug|Any CPU
		Release|Any CPU = Release|Any CPU
	EndGlobalSection
	GlobalSection(ProjectConfigurationPlatforms) = postSolution
		{C39B1E35-AB44-860E-B5C5-D0BEB752A5A8}.Debug|Any CPU.ActiveCfg = Debug|Any CPU
		{C39B1E35-AB44-860E-B5C5-D0BEB752A5A8}.Debug|Any CPU.Build.0 = Debug|Any CPU
		{C39B1E35-AB44-860E-B5C5-D0BEB752A5A8}.Release|Any CPU.ActiveCfg = Release|Any CPU
		{C39B1E35-AB44-860E-B5C5-D0BEB752A5A8}.Release|Any CPU.Build.0 = Release|Any CPU
		{07068574-6791-A901-A7A8-848C587B3827}.Debug|Any CPU.ActiveCfg = Debug|Any CPU
		{07068574-6791-A901-A7A8-848C587B3827}.Debug|Any CPU.Build.0 = Debug|Any CPU
		{07068574-6791-A901-A7A8-848C587B3827}.Release|Any CPU.ActiveCfg = Release|Any CPU
		{07068574-6791-A901-A7A8-848C587B3827}.Release|Any CPU.Build.0 = Release|Any CPU
		{55E7E122-F4B6-6602-95E7-6F69C4D9FAE9}.Debug|Any CPU.ActiveCfg = Debug|Any CPU
		{55E7E122-F4B6-6602-95E7-6F69C4D9FAE9}.Debug|Any CPU.Build.0 = Debug|Any CPU
		{55E7E122-F4B6-6602-95E7-6F69C4D9FAE9}.Release|Any CPU.ActiveCfg = Release|Any CPU
		{55E7E122-F4B6-6602-95E7-6F69C4D9FAE9}.Release|Any CPU.Build.0 = Release|Any CPU
	EndGlobalSection
	GlobalSection(SolutionProperties) = preSolution
		HideSolutionNode = FALSE
	EndGlobalSection
EndGlobal
